
Microsoft Visual Studio Solution File, Format Version 12.00
# Visual Studio Version 17
VisualStudioVersion = 17.6.33801.468
MinimumVisualStudioVersion = 10.0.40219.1
Project("{FAE04EC0-301F-11D3-BF4B-00C04F79EFBC}") = "UniXiangqi.API", "UniXiangqi.API\UniXiangqi.API.csproj", "{5C242E42-AEFB-4C17-A48D-8E90B3112DB8}"
EndProject
Global
	GlobalSection(SolutionConfigurationPlatforms) = preSolution
		Debug|Any CPU = Debug|Any CPU
		Release|Any CPU = Release|Any CPU
	EndGlobalSection
	GlobalSection(ProjectConfigurationPlatforms) = postSolution
		{5C242E42-AEFB-4C17-A48D-8E90B3112DB8}.Debug|Any CPU.ActiveCfg = Debug|Any CPU
		{5C242E42-AEFB-4C17-A48D-8E90B3112DB8}.Debug|Any CPU.Build.0 = Debug|Any CPU
		{5C242E42-AEFB-4C17-A48D-8E90B3112DB8}.Release|Any CPU.ActiveCfg = Release|Any CPU
		{5C242E42-AEFB-4C17-A48D-8E90B3112DB8}.Release|Any CPU.Build.0 = Release|Any CPU
	EndGlobalSection
	GlobalSection(SolutionProperties) = preSolution
		HideSolutionNode = FALSE
	EndGlobalSection
	GlobalSection(ExtensibilityGlobals) = postSolution
		SolutionGuid = {DDDEBFDF-393B-4450-9EAA-41582ABB22C0}
	EndGlobalSection
EndGlobal
